
Microsoft Visual Studio Solution File, Format Version 12.00
# Visual Studio Version 17
VisualStudioVersion = 17.1.32319.34
MinimumVisualStudioVersion = 10.0.40219.1
Project("{FAE04EC0-301F-11D3-BF4B-00C04F79EFBC}") = "WindowsFormsApp1", "WindowsFormsApp1\WindowsFormsApp1.csproj", "{D1A02094-967A-4A7D-B398-461CD9715A79}"
EndProject
Global
	GlobalSection(SolutionConfigurationPlatforms) = preSolution
		Debug|Any CPU = Debug|Any CPU
		Release|Any CPU = Release|Any CPU
	EndGlobalSection
	GlobalSection(ProjectConfigurationPlatforms) = postSolution
		{D1A02094-967A-4A7D-B398-461CD9715A79}.Debug|Any CPU.ActiveCfg = Debug|Any CPU
		{D1A02094-967A-4A7D-B398-461CD9715A79}.Debug|Any CPU.Build.0 = Debug|Any CPU
		{D1A02094-967A-4A7D-B398-461CD9715A79}.Release|Any CPU.ActiveCfg = Release|Any CPU
		{D1A02094-967A-4A7D-B398-461CD9715A79}.Release|Any CPU.Build.0 = Release|Any CPU
	EndGlobalSection
	GlobalSection(SolutionProperties) = preSolution
		HideSolutionNode = FALSE
	EndGlobalSection
	GlobalSection(ExtensibilityGlobals) = postSolution
		SolutionGuid = {B98C9502-01F1-422F-B213-D7C057EF4AB6}
	EndGlobalSection
EndGlobal
